// !$*UTF8*$!
{
	archiveVersion = 1;
	classes = {
	};
	objectVersion = 50;
	objects = {

/* Begin PBXBuildFile section */
		102742F422F4807B00FC547C /* GoogleService-Info.plist in Resources */ = {isa = PBXBuildFile; fileRef = 102742F322F4807B00FC547C /* GoogleService-Info.plist */; };
		181740EE22DE6E68008DFF72 /* AdminTabBarController.swift in Sources */ = {isa = PBXBuildFile; fileRef = 181740ED22DE6E68008DFF72 /* AdminTabBarController.swift */; };
		181919BA22F8C9CA000B1881 /* EmergencyScreenVC.swift in Sources */ = {isa = PBXBuildFile; fileRef = 181919B822F8C9C9000B1881 /* EmergencyScreenVC.swift */; };
		181919BB22F8C9CA000B1881 /* EmergencyScreenVC.xib in Resources */ = {isa = PBXBuildFile; fileRef = 181919B922F8C9C9000B1881 /* EmergencyScreenVC.xib */; };
		181919BD22F8CEA5000B1881 /* LocationHelper.swift in Sources */ = {isa = PBXBuildFile; fileRef = 181919BC22F8CEA4000B1881 /* LocationHelper.swift */; };
		181919BF22FA3405000B1881 /* GoogleMapsManager.swift in Sources */ = {isa = PBXBuildFile; fileRef = 181919BE22FA3405000B1881 /* GoogleMapsManager.swift */; };
		182A232822FB7B1400C3DE84 /* Main.storyboard in Resources */ = {isa = PBXBuildFile; fileRef = 18C2236222BC1F74008E2F49 /* Main.storyboard */; };
		18683F6722DFC68900B31EBA /* AppSettings.swift in Sources */ = {isa = PBXBuildFile; fileRef = 18683F6222DFC68800B31EBA /* AppSettings.swift */; };
		18683F6822DFC68900B31EBA /* ChatViewController.swift in Sources */ = {isa = PBXBuildFile; fileRef = 18683F6322DFC68800B31EBA /* ChatViewController.swift */; };
		18683F6922DFC68900B31EBA /* ChatScreenVC.swift in Sources */ = {isa = PBXBuildFile; fileRef = 18683F6422DFC68800B31EBA /* ChatScreenVC.swift */; };
		18683F6A22DFC68900B31EBA /* AppController.swift in Sources */ = {isa = PBXBuildFile; fileRef = 18683F6522DFC68800B31EBA /* AppController.swift */; };
		18683F6B22DFC68900B31EBA /* ChannelsViewController.swift in Sources */ = {isa = PBXBuildFile; fileRef = 18683F6622DFC68900B31EBA /* ChannelsViewController.swift */; };
		18683F6E22E129A900B31EBA /* AppConstant.swift in Sources */ = {isa = PBXBuildFile; fileRef = 18683F6D22E129A900B31EBA /* AppConstant.swift */; };
		18683F7522E129EF00B31EBA /* UIColor+Additions.swift in Sources */ = {isa = PBXBuildFile; fileRef = 18683F6F22E129EF00B31EBA /* UIColor+Additions.swift */; };
		18683F7622E129EF00B31EBA /* UIImage+Additions.swift in Sources */ = {isa = PBXBuildFile; fileRef = 18683F7022E129EF00B31EBA /* UIImage+Additions.swift */; };
		18683F7722E129EF00B31EBA /* Podfile in Resources */ = {isa = PBXBuildFile; fileRef = 18683F7122E129EF00B31EBA /* Podfile */; };
		18683F7822E129EF00B31EBA /* UICollectionView+Additions.swift in Sources */ = {isa = PBXBuildFile; fileRef = 18683F7222E129EF00B31EBA /* UICollectionView+Additions.swift */; };
		18683F7922E129EF00B31EBA /* UIViewExtension.swift in Sources */ = {isa = PBXBuildFile; fileRef = 18683F7322E129EF00B31EBA /* UIViewExtension.swift */; };
		18683F7A22E129EF00B31EBA /* UIView+Additions.swift in Sources */ = {isa = PBXBuildFile; fileRef = 18683F7422E129EF00B31EBA /* UIView+Additions.swift */; };
		18683F8322E12BF000B31EBA /* Message.swift in Sources */ = {isa = PBXBuildFile; fileRef = 18683F7C22E12BF000B31EBA /* Message.swift */; };
		18683F8422E12BF000B31EBA /* Place.swift in Sources */ = {isa = PBXBuildFile; fileRef = 18683F7D22E12BF000B31EBA /* Place.swift */; };
		18683F8522E12BF000B31EBA /* Channel.swift in Sources */ = {isa = PBXBuildFile; fileRef = 18683F7E22E12BF000B31EBA /* Channel.swift */; };
		18683F8622E12BF000B31EBA /* File.swift in Sources */ = {isa = PBXBuildFile; fileRef = 18683F7F22E12BF000B31EBA /* File.swift */; };
		18683F8722E12BF000B31EBA /* DatabaseRepresentation.swift in Sources */ = {isa = PBXBuildFile; fileRef = 18683F8022E12BF000B31EBA /* DatabaseRepresentation.swift */; };
		18683F8822E12BF000B31EBA /* MessageData.swift in Sources */ = {isa = PBXBuildFile; fileRef = 18683F8122E12BF000B31EBA /* MessageData.swift */; };
		18683F8922E12BF000B31EBA /* Direction.swift in Sources */ = {isa = PBXBuildFile; fileRef = 18683F8222E12BF000B31EBA /* Direction.swift */; };
		1883F8B122BE0EA100F9CF52 /* CustomTextField.swift in Sources */ = {isa = PBXBuildFile; fileRef = 1883F8B022BE0EA100F9CF52 /* CustomTextField.swift */; };
		1883F8B322BE0ECF00F9CF52 /* RoundButton.swift in Sources */ = {isa = PBXBuildFile; fileRef = 1883F8B222BE0ECF00F9CF52 /* RoundButton.swift */; };
		1883F8B522BE0EE800F9CF52 /* TextFieldDesign.swift in Sources */ = {isa = PBXBuildFile; fileRef = 1883F8B422BE0EE800F9CF52 /* TextFieldDesign.swift */; };
		1883F8B722BE0EF200F9CF52 /* CustomTextView.swift in Sources */ = {isa = PBXBuildFile; fileRef = 1883F8B622BE0EF200F9CF52 /* CustomTextView.swift */; };
		1883F8BA22BE0F4500F9CF52 /* FirebaseAuthenticationHandler.swift in Sources */ = {isa = PBXBuildFile; fileRef = 1883F8B922BE0F4500F9CF52 /* FirebaseAuthenticationHandler.swift */; };
		1883F8BC22BE0F5200F9CF52 /* FirebaseDBHandler.swift in Sources */ = {isa = PBXBuildFile; fileRef = 1883F8BB22BE0F5200F9CF52 /* FirebaseDBHandler.swift */; };
		1883F8C122BE14C900F9CF52 /* LoginVC.swift in Sources */ = {isa = PBXBuildFile; fileRef = 1883F8C022BE14C800F9CF52 /* LoginVC.swift */; };
		1883F8C322BE14D300F9CF52 /* LoginVC.xib in Resources */ = {isa = PBXBuildFile; fileRef = 1883F8C222BE14D300F9CF52 /* LoginVC.xib */; };
		1883F8C622BE14F000F9CF52 /* VerificationVC.swift in Sources */ = {isa = PBXBuildFile; fileRef = 1883F8C522BE14F000F9CF52 /* VerificationVC.swift */; };
		1883F8C822BE14FB00F9CF52 /* VerificationVC.xib in Resources */ = {isa = PBXBuildFile; fileRef = 1883F8C722BE14FB00F9CF52 /* VerificationVC.xib */; };
		1883F8CA22BE167700F9CF52 /* SignUpVC.swift in Sources */ = {isa = PBXBuildFile; fileRef = 1883F8C922BE167700F9CF52 /* SignUpVC.swift */; };
		1883F8CC22BE168C00F9CF52 /* SignUpVC.xib in Resources */ = {isa = PBXBuildFile; fileRef = 1883F8CB22BE168C00F9CF52 /* SignUpVC.xib */; };
		188793F922BFAA1700FABB6E /* AppBaseVC.swift in Sources */ = {isa = PBXBuildFile; fileRef = 188793F822BFAA1700FABB6E /* AppBaseVC.swift */; };
		1887940322BFC30F00FABB6E /* AppHelper.swift in Sources */ = {isa = PBXBuildFile; fileRef = 1887940222BFC30F00FABB6E /* AppHelper.swift */; };
		18C2235F22BC1F74008E2F49 /* AppDelegate.swift in Sources */ = {isa = PBXBuildFile; fileRef = 18C2235E22BC1F74008E2F49 /* AppDelegate.swift */; };
		18C2236622BC1F74008E2F49 /* Assets.xcassets in Resources */ = {isa = PBXBuildFile; fileRef = 18C2236522BC1F74008E2F49 /* Assets.xcassets */; };
		18C2236922BC1F74008E2F49 /* LaunchScreen.storyboard in Resources */ = {isa = PBXBuildFile; fileRef = 18C2236722BC1F74008E2F49 /* LaunchScreen.storyboard */; };
		18C2237422BC1F74008E2F49 /* AdminSideTests.swift in Sources */ = {isa = PBXBuildFile; fileRef = 18C2237322BC1F74008E2F49 /* AdminSideTests.swift */; };
		18C2237F22BC1F74008E2F49 /* AdminSideUITests.swift in Sources */ = {isa = PBXBuildFile; fileRef = 18C2237E22BC1F74008E2F49 /* AdminSideUITests.swift */; };
		5364A0E8163342155A599269 /* Pods_AdminSideUITests.framework in Frameworks */ = {isa = PBXBuildFile; fileRef = AB0194205E46D3F38811D0DE /* Pods_AdminSideUITests.framework */; };
		99FAA5E85CACAC7E3B2E1C64 /* Pods_AdminSideTests.framework in Frameworks */ = {isa = PBXBuildFile; fileRef = 467FDB7CAFE428D074F3DADF /* Pods_AdminSideTests.framework */; };
		AEC1027E87D10420F8E54143 /* Pods_AdminSide.framework in Frameworks */ = {isa = PBXBuildFile; fileRef = 8E7207160DE98BD11C93B49C /* Pods_AdminSide.framework */; };
/* End PBXBuildFile section */

/* Begin PBXContainerItemProxy section */
		18C2237022BC1F74008E2F49 /* PBXContainerItemProxy */ = {
			isa = PBXContainerItemProxy;
			containerPortal = 18C2235322BC1F74008E2F49 /* Project object */;
			proxyType = 1;
			remoteGlobalIDString = 18C2235A22BC1F74008E2F49;
			remoteInfo = AdminSide;
		};
		18C2237B22BC1F74008E2F49 /* PBXContainerItemProxy */ = {
			isa = PBXContainerItemProxy;
			containerPortal = 18C2235322BC1F74008E2F49 /* Project object */;
			proxyType = 1;
			remoteGlobalIDString = 18C2235A22BC1F74008E2F49;
			remoteInfo = AdminSide;
		};
/* End PBXContainerItemProxy section */

/* Begin PBXFileReference section */
		102742F322F4807B00FC547C /* GoogleService-Info.plist */ = {isa = PBXFileReference; fileEncoding = 4; lastKnownFileType = text.plist.xml; path = "GoogleService-Info.plist"; sourceTree = "<group>"; };
		102742F722F48FEC00FC547C /* AdminSide.entitlements */ = {isa = PBXFileReference; lastKnownFileType = text.plist.entitlements; path = AdminSide.entitlements; sourceTree = "<group>"; };
		181740ED22DE6E68008DFF72 /* AdminTabBarController.swift */ = {isa = PBXFileReference; lastKnownFileType = sourcecode.swift; path = AdminTabBarController.swift; sourceTree = "<group>"; };
		181919B822F8C9C9000B1881 /* EmergencyScreenVC.swift */ = {isa = PBXFileReference; lastKnownFileType = sourcecode.swift; path = EmergencyScreenVC.swift; sourceTree = "<group>"; };
		181919B922F8C9C9000B1881 /* EmergencyScreenVC.xib */ = {isa = PBXFileReference; lastKnownFileType = file.xib; path = EmergencyScreenVC.xib; sourceTree = "<group>"; };
		181919BC22F8CEA4000B1881 /* LocationHelper.swift */ = {isa = PBXFileReference; fileEncoding = 4; lastKnownFileType = sourcecode.swift; path = LocationHelper.swift; sourceTree = "<group>"; };
		181919BE22FA3405000B1881 /* GoogleMapsManager.swift */ = {isa = PBXFileReference; fileEncoding = 4; lastKnownFileType = sourcecode.swift; path = GoogleMapsManager.swift; sourceTree = "<group>"; };
		18683F6222DFC68800B31EBA /* AppSettings.swift */ = {isa = PBXFileReference; fileEncoding = 4; lastKnownFileType = sourcecode.swift; path = AppSettings.swift; sourceTree = "<group>"; };
		18683F6322DFC68800B31EBA /* ChatViewController.swift */ = {isa = PBXFileReference; fileEncoding = 4; lastKnownFileType = sourcecode.swift; path = ChatViewController.swift; sourceTree = "<group>"; };
		18683F6422DFC68800B31EBA /* ChatScreenVC.swift */ = {isa = PBXFileReference; fileEncoding = 4; lastKnownFileType = sourcecode.swift; path = ChatScreenVC.swift; sourceTree = "<group>"; };
		18683F6522DFC68800B31EBA /* AppController.swift */ = {isa = PBXFileReference; fileEncoding = 4; lastKnownFileType = sourcecode.swift; path = AppController.swift; sourceTree = "<group>"; };
		18683F6622DFC68900B31EBA /* ChannelsViewController.swift */ = {isa = PBXFileReference; fileEncoding = 4; lastKnownFileType = sourcecode.swift; path = ChannelsViewController.swift; sourceTree = "<group>"; };
		18683F6D22E129A900B31EBA /* AppConstant.swift */ = {isa = PBXFileReference; fileEncoding = 4; lastKnownFileType = sourcecode.swift; path = AppConstant.swift; sourceTree = "<group>"; };
		18683F6F22E129EF00B31EBA /* UIColor+Additions.swift */ = {isa = PBXFileReference; fileEncoding = 4; lastKnownFileType = sourcecode.swift; path = "UIColor+Additions.swift"; sourceTree = "<group>"; };
		18683F7022E129EF00B31EBA /* UIImage+Additions.swift */ = {isa = PBXFileReference; fileEncoding = 4; lastKnownFileType = sourcecode.swift; path = "UIImage+Additions.swift"; sourceTree = "<group>"; };
		18683F7122E129EF00B31EBA /* Podfile */ = {isa = PBXFileReference; fileEncoding = 4; lastKnownFileType = text; path = Podfile; sourceTree = "<group>"; };
		18683F7222E129EF00B31EBA /* UICollectionView+Additions.swift */ = {isa = PBXFileReference; fileEncoding = 4; lastKnownFileType = sourcecode.swift; path = "UICollectionView+Additions.swift"; sourceTree = "<group>"; };
		18683F7322E129EF00B31EBA /* UIViewExtension.swift */ = {isa = PBXFileReference; fileEncoding = 4; lastKnownFileType = sourcecode.swift; path = UIViewExtension.swift; sourceTree = "<group>"; };
		18683F7422E129EF00B31EBA /* UIView+Additions.swift */ = {isa = PBXFileReference; fileEncoding = 4; lastKnownFileType = sourcecode.swift; path = "UIView+Additions.swift"; sourceTree = "<group>"; };
		18683F7C22E12BF000B31EBA /* Message.swift */ = {isa = PBXFileReference; fileEncoding = 4; lastKnownFileType = sourcecode.swift; path = Message.swift; sourceTree = "<group>"; };
		18683F7D22E12BF000B31EBA /* Place.swift */ = {isa = PBXFileReference; fileEncoding = 4; lastKnownFileType = sourcecode.swift; path = Place.swift; sourceTree = "<group>"; };
		18683F7E22E12BF000B31EBA /* Channel.swift */ = {isa = PBXFileReference; fileEncoding = 4; lastKnownFileType = sourcecode.swift; path = Channel.swift; sourceTree = "<group>"; };
		18683F7F22E12BF000B31EBA /* File.swift */ = {isa = PBXFileReference; fileEncoding = 4; lastKnownFileType = sourcecode.swift; path = File.swift; sourceTree = "<group>"; };
		18683F8022E12BF000B31EBA /* DatabaseRepresentation.swift */ = {isa = PBXFileReference; fileEncoding = 4; lastKnownFileType = sourcecode.swift; path = DatabaseRepresentation.swift; sourceTree = "<group>"; };
		18683F8122E12BF000B31EBA /* MessageData.swift */ = {isa = PBXFileReference; fileEncoding = 4; lastKnownFileType = sourcecode.swift; path = MessageData.swift; sourceTree = "<group>"; };
		18683F8222E12BF000B31EBA /* Direction.swift */ = {isa = PBXFileReference; fileEncoding = 4; lastKnownFileType = sourcecode.swift; path = Direction.swift; sourceTree = "<group>"; };
		1883F8B022BE0EA100F9CF52 /* CustomTextField.swift */ = {isa = PBXFileReference; fileEncoding = 4; lastKnownFileType = sourcecode.swift; path = CustomTextField.swift; sourceTree = "<group>"; };
		1883F8B222BE0ECF00F9CF52 /* RoundButton.swift */ = {isa = PBXFileReference; fileEncoding = 4; lastKnownFileType = sourcecode.swift; path = RoundButton.swift; sourceTree = "<group>"; };
		1883F8B422BE0EE800F9CF52 /* TextFieldDesign.swift */ = {isa = PBXFileReference; fileEncoding = 4; lastKnownFileType = sourcecode.swift; path = TextFieldDesign.swift; sourceTree = "<group>"; };
		1883F8B622BE0EF200F9CF52 /* CustomTextView.swift */ = {isa = PBXFileReference; fileEncoding = 4; lastKnownFileType = sourcecode.swift; path = CustomTextView.swift; sourceTree = "<group>"; };
		1883F8B922BE0F4500F9CF52 /* FirebaseAuthenticationHandler.swift */ = {isa = PBXFileReference; fileEncoding = 4; lastKnownFileType = sourcecode.swift; path = FirebaseAuthenticationHandler.swift; sourceTree = "<group>"; };
		1883F8BB22BE0F5200F9CF52 /* FirebaseDBHandler.swift */ = {isa = PBXFileReference; fileEncoding = 4; lastKnownFileType = sourcecode.swift; path = FirebaseDBHandler.swift; sourceTree = "<group>"; };
		1883F8C022BE14C800F9CF52 /* LoginVC.swift */ = {isa = PBXFileReference; fileEncoding = 4; lastKnownFileType = sourcecode.swift; path = LoginVC.swift; sourceTree = "<group>"; };
		1883F8C222BE14D300F9CF52 /* LoginVC.xib */ = {isa = PBXFileReference; fileEncoding = 4; lastKnownFileType = file.xib; path = LoginVC.xib; sourceTree = "<group>"; };
		1883F8C522BE14F000F9CF52 /* VerificationVC.swift */ = {isa = PBXFileReference; fileEncoding = 4; lastKnownFileType = sourcecode.swift; path = VerificationVC.swift; sourceTree = "<group>"; };
		1883F8C722BE14FB00F9CF52 /* VerificationVC.xib */ = {isa = PBXFileReference; fileEncoding = 4; lastKnownFileType = file.xib; path = VerificationVC.xib; sourceTree = "<group>"; };
		1883F8C922BE167700F9CF52 /* SignUpVC.swift */ = {isa = PBXFileReference; fileEncoding = 4; lastKnownFileType = sourcecode.swift; path = SignUpVC.swift; sourceTree = "<group>"; };
		1883F8CB22BE168C00F9CF52 /* SignUpVC.xib */ = {isa = PBXFileReference; fileEncoding = 4; lastKnownFileType = file.xib; path = SignUpVC.xib; sourceTree = "<group>"; };
		188793F822BFAA1700FABB6E /* AppBaseVC.swift */ = {isa = PBXFileReference; fileEncoding = 4; lastKnownFileType = sourcecode.swift; path = AppBaseVC.swift; sourceTree = "<group>"; };
		1887940222BFC30F00FABB6E /* AppHelper.swift */ = {isa = PBXFileReference; fileEncoding = 4; lastKnownFileType = sourcecode.swift; path = AppHelper.swift; sourceTree = "<group>"; };
		18C2235B22BC1F74008E2F49 /* AdminSide.app */ = {isa = PBXFileReference; explicitFileType = wrapper.application; includeInIndex = 0; path = AdminSide.app; sourceTree = BUILT_PRODUCTS_DIR; };
		18C2235E22BC1F74008E2F49 /* AppDelegate.swift */ = {isa = PBXFileReference; lastKnownFileType = sourcecode.swift; path = AppDelegate.swift; sourceTree = "<group>"; };
		18C2236322BC1F74008E2F49 /* Base */ = {isa = PBXFileReference; lastKnownFileType = file.storyboard; name = Base; path = Base.lproj/Main.storyboard; sourceTree = "<group>"; };
		18C2236522BC1F74008E2F49 /* Assets.xcassets */ = {isa = PBXFileReference; lastKnownFileType = folder.assetcatalog; path = Assets.xcassets; sourceTree = "<group>"; };
		18C2236822BC1F74008E2F49 /* Base */ = {isa = PBXFileReference; lastKnownFileType = file.storyboard; name = Base; path = Base.lproj/LaunchScreen.storyboard; sourceTree = "<group>"; };
		18C2236A22BC1F74008E2F49 /* Info.plist */ = {isa = PBXFileReference; lastKnownFileType = text.plist.xml; path = Info.plist; sourceTree = "<group>"; };
		18C2236F22BC1F74008E2F49 /* AdminSideTests.xctest */ = {isa = PBXFileReference; explicitFileType = wrapper.cfbundle; includeInIndex = 0; path = AdminSideTests.xctest; sourceTree = BUILT_PRODUCTS_DIR; };
		18C2237322BC1F74008E2F49 /* AdminSideTests.swift */ = {isa = PBXFileReference; lastKnownFileType = sourcecode.swift; path = AdminSideTests.swift; sourceTree = "<group>"; };
		18C2237522BC1F74008E2F49 /* Info.plist */ = {isa = PBXFileReference; lastKnownFileType = text.plist.xml; path = Info.plist; sourceTree = "<group>"; };
		18C2237A22BC1F74008E2F49 /* AdminSideUITests.xctest */ = {isa = PBXFileReference; explicitFileType = wrapper.cfbundle; includeInIndex = 0; path = AdminSideUITests.xctest; sourceTree = BUILT_PRODUCTS_DIR; };
		18C2237E22BC1F74008E2F49 /* AdminSideUITests.swift */ = {isa = PBXFileReference; lastKnownFileType = sourcecode.swift; path = AdminSideUITests.swift; sourceTree = "<group>"; };
		18C2238022BC1F74008E2F49 /* Info.plist */ = {isa = PBXFileReference; lastKnownFileType = text.plist.xml; path = Info.plist; sourceTree = "<group>"; };
		1B23C0C03327F4F7DCEA0D10 /* Pods-AdminSideUITests.release.xcconfig */ = {isa = PBXFileReference; includeInIndex = 1; lastKnownFileType = text.xcconfig; name = "Pods-AdminSideUITests.release.xcconfig"; path = "Target Support Files/Pods-AdminSideUITests/Pods-AdminSideUITests.release.xcconfig"; sourceTree = "<group>"; };
		467FDB7CAFE428D074F3DADF /* Pods_AdminSideTests.framework */ = {isa = PBXFileReference; explicitFileType = wrapper.framework; includeInIndex = 0; path = Pods_AdminSideTests.framework; sourceTree = BUILT_PRODUCTS_DIR; };
		89F7D69422574E1DA43DBEE5 /* Pods-AdminSideTests.debug.xcconfig */ = {isa = PBXFileReference; includeInIndex = 1; lastKnownFileType = text.xcconfig; name = "Pods-AdminSideTests.debug.xcconfig"; path = "Target Support Files/Pods-AdminSideTests/Pods-AdminSideTests.debug.xcconfig"; sourceTree = "<group>"; };
		8E7207160DE98BD11C93B49C /* Pods_AdminSide.framework */ = {isa = PBXFileReference; explicitFileType = wrapper.framework; includeInIndex = 0; path = Pods_AdminSide.framework; sourceTree = BUILT_PRODUCTS_DIR; };
		A58E165A9139297D2164401A /* Pods-AdminSide.release.xcconfig */ = {isa = PBXFileReference; includeInIndex = 1; lastKnownFileType = text.xcconfig; name = "Pods-AdminSide.release.xcconfig"; path = "Target Support Files/Pods-AdminSide/Pods-AdminSide.release.xcconfig"; sourceTree = "<group>"; };
		AB0194205E46D3F38811D0DE /* Pods_AdminSideUITests.framework */ = {isa = PBXFileReference; explicitFileType = wrapper.framework; includeInIndex = 0; path = Pods_AdminSideUITests.framework; sourceTree = BUILT_PRODUCTS_DIR; };
		C63105E7A95E0E8ED711D449 /* Pods-AdminSide.debug.xcconfig */ = {isa = PBXFileReference; includeInIndex = 1; lastKnownFileType = text.xcconfig; name = "Pods-AdminSide.debug.xcconfig"; path = "Target Support Files/Pods-AdminSide/Pods-AdminSide.debug.xcconfig"; sourceTree = "<group>"; };
		CC2CEA377DDBFAB034BC6ED9 /* Pods-AdminSideTests.release.xcconfig */ = {isa = PBXFileReference; includeInIndex = 1; lastKnownFileType = text.xcconfig; name = "Pods-AdminSideTests.release.xcconfig"; path = "Target Support Files/Pods-AdminSideTests/Pods-AdminSideTests.release.xcconfig"; sourceTree = "<group>"; };
		E2BB02F84897E5F346240848 /* Pods-AdminSideUITests.debug.xcconfig */ = {isa = PBXFileReference; includeInIndex = 1; lastKnownFileType = text.xcconfig; name = "Pods-AdminSideUITests.debug.xcconfig"; path = "Target Support Files/Pods-AdminSideUITests/Pods-AdminSideUITests.debug.xcconfig"; sourceTree = "<group>"; };
/* End PBXFileReference section */

/* Begin PBXFrameworksBuildPhase section */
		18C2235822BC1F74008E2F49 /* Frameworks */ = {
			isa = PBXFrameworksBuildPhase;
			buildActionMask = 2147483647;
			files = (
				AEC1027E87D10420F8E54143 /* Pods_AdminSide.framework in Frameworks */,
			);
			runOnlyForDeploymentPostprocessing = 0;
		};
		18C2236C22BC1F74008E2F49 /* Frameworks */ = {
			isa = PBXFrameworksBuildPhase;
			buildActionMask = 2147483647;
			files = (
				99FAA5E85CACAC7E3B2E1C64 /* Pods_AdminSideTests.framework in Frameworks */,
			);
			runOnlyForDeploymentPostprocessing = 0;
		};
		18C2237722BC1F74008E2F49 /* Frameworks */ = {
			isa = PBXFrameworksBuildPhase;
			buildActionMask = 2147483647;
			files = (
				5364A0E8163342155A599269 /* Pods_AdminSideUITests.framework in Frameworks */,
			);
			runOnlyForDeploymentPostprocessing = 0;
		};
/* End PBXFrameworksBuildPhase section */

/* Begin PBXGroup section */
		181740EC22DE6D88008DFF72 /* AdminTabBar */ = {
			isa = PBXGroup;
			children = (
				181740ED22DE6E68008DFF72 /* AdminTabBarController.swift */,
				181740EF22DE777E008DFF72 /* Admin Chat */,
			);
			path = AdminTabBar;
			sourceTree = "<group>";
		};
		181740EF22DE777E008DFF72 /* Admin Chat */ = {
			isa = PBXGroup;
			children = (
				18683F6522DFC68800B31EBA /* AppController.swift */,
				18683F6222DFC68800B31EBA /* AppSettings.swift */,
				18683F6622DFC68900B31EBA /* ChannelsViewController.swift */,
				18683F6422DFC68800B31EBA /* ChatScreenVC.swift */,
				18683F6322DFC68800B31EBA /* ChatViewController.swift */,
			);
			path = "Admin Chat";
			sourceTree = "<group>";
		};
		181919B722F8C98D000B1881 /* Emergency Screen */ = {
			isa = PBXGroup;
			children = (
				181919B822F8C9C9000B1881 /* EmergencyScreenVC.swift */,
				181919B922F8C9C9000B1881 /* EmergencyScreenVC.xib */,
			);
			path = "Emergency Screen";
			sourceTree = "<group>";
		};
		18683F6C22E129A900B31EBA /* Constants */ = {
			isa = PBXGroup;
			children = (
				18683F6D22E129A900B31EBA /* AppConstant.swift */,
			);
			path = Constants;
			sourceTree = "<group>";
		};
		18683F7B22E12BF000B31EBA /* Model */ = {
			isa = PBXGroup;
			children = (
				18683F7C22E12BF000B31EBA /* Message.swift */,
				18683F7D22E12BF000B31EBA /* Place.swift */,
				18683F7E22E12BF000B31EBA /* Channel.swift */,
				18683F7F22E12BF000B31EBA /* File.swift */,
				18683F8022E12BF000B31EBA /* DatabaseRepresentation.swift */,
				18683F8122E12BF000B31EBA /* MessageData.swift */,
				18683F8222E12BF000B31EBA /* Direction.swift */,
			);
			path = Model;
			sourceTree = "<group>";
		};
		1883F8AF22BE0E6E00F9CF52 /* Extensions */ = {
			isa = PBXGroup;
			children = (
				1883F8B622BE0EF200F9CF52 /* CustomTextView.swift */,
				1883F8B422BE0EE800F9CF52 /* TextFieldDesign.swift */,
				1883F8B022BE0EA100F9CF52 /* CustomTextField.swift */,
				1883F8B222BE0ECF00F9CF52 /* RoundButton.swift */,
				18683F7222E129EF00B31EBA /* UICollectionView+Additions.swift */,
				18683F6F22E129EF00B31EBA /* UIColor+Additions.swift */,
				18683F7022E129EF00B31EBA /* UIImage+Additions.swift */,
				18683F7422E129EF00B31EBA /* UIView+Additions.swift */,
				18683F7322E129EF00B31EBA /* UIViewExtension.swift */,
				18683F7122E129EF00B31EBA /* Podfile */,
			);
			path = Extensions;
			sourceTree = "<group>";
		};
		1883F8B822BE0F3200F9CF52 /* HelperClasses */ = {
			isa = PBXGroup;
			children = (
				181919BE22FA3405000B1881 /* GoogleMapsManager.swift */,
				181919BC22F8CEA4000B1881 /* LocationHelper.swift */,
				1883F8B922BE0F4500F9CF52 /* FirebaseAuthenticationHandler.swift */,
				1887940222BFC30F00FABB6E /* AppHelper.swift */,
				1883F8BB22BE0F5200F9CF52 /* FirebaseDBHandler.swift */,
			);
			path = HelperClasses;
			sourceTree = "<group>";
		};
		1883F8BD22BE144D00F9CF52 /* LoginAndSignUp */ = {
			isa = PBXGroup;
			children = (
				1883F8C422BE14DF00F9CF52 /* VerificationVC */,
				1883F8BF22BE14AA00F9CF52 /* Login */,
				1883F8BE22BE146600F9CF52 /* SignUp */,
			);
			path = LoginAndSignUp;
			sourceTree = "<group>";
		};
		1883F8BE22BE146600F9CF52 /* SignUp */ = {
			isa = PBXGroup;
			children = (
				1883F8C922BE167700F9CF52 /* SignUpVC.swift */,
				1883F8CB22BE168C00F9CF52 /* SignUpVC.xib */,
			);
			path = SignUp;
			sourceTree = "<group>";
		};
		1883F8BF22BE14AA00F9CF52 /* Login */ = {
			isa = PBXGroup;
			children = (
				1883F8C022BE14C800F9CF52 /* LoginVC.swift */,
				1883F8C222BE14D300F9CF52 /* LoginVC.xib */,
			);
			path = Login;
			sourceTree = "<group>";
		};
		1883F8C422BE14DF00F9CF52 /* VerificationVC */ = {
			isa = PBXGroup;
			children = (
				1883F8C522BE14F000F9CF52 /* VerificationVC.swift */,
				1883F8C722BE14FB00F9CF52 /* VerificationVC.xib */,
			);
			path = VerificationVC;
			sourceTree = "<group>";
		};
		188793F722BFAA0200FABB6E /* BaseFile */ = {
			isa = PBXGroup;
			children = (
				188793F822BFAA1700FABB6E /* AppBaseVC.swift */,
			);
			path = BaseFile;
			sourceTree = "<group>";
		};
		18C2235222BC1F74008E2F49 = {
			isa = PBXGroup;
			children = (
				102742F722F48FEC00FC547C /* AdminSide.entitlements */,
				181919B722F8C98D000B1881 /* Emergency Screen */,
				188793F722BFAA0200FABB6E /* BaseFile */,
				181740EC22DE6D88008DFF72 /* AdminTabBar */,
				1883F8BD22BE144D00F9CF52 /* LoginAndSignUp */,
				1883F8B822BE0F3200F9CF52 /* HelperClasses */,
				1883F8AF22BE0E6E00F9CF52 /* Extensions */,
				18683F6C22E129A900B31EBA /* Constants */,
				18683F7B22E12BF000B31EBA /* Model */,
				18C2235D22BC1F74008E2F49 /* Other Files */,
				18C2237222BC1F74008E2F49 /* AdminSideTests */,
				18C2237D22BC1F74008E2F49 /* AdminSideUITests */,
				18C2235C22BC1F74008E2F49 /* Products */,
				8C19670B1CA695956DB1469C /* Pods */,
				460190F676F5E6FF61E417A0 /* Frameworks */,
			);
			sourceTree = "<group>";
		};
		18C2235C22BC1F74008E2F49 /* Products */ = {
			isa = PBXGroup;
			children = (
				18C2235B22BC1F74008E2F49 /* AdminSide.app */,
				18C2236F22BC1F74008E2F49 /* AdminSideTests.xctest */,
				18C2237A22BC1F74008E2F49 /* AdminSideUITests.xctest */,
			);
			name = Products;
			sourceTree = "<group>";
		};
		18C2235D22BC1F74008E2F49 /* Other Files */ = {
			isa = PBXGroup;
			children = (
				18C2235E22BC1F74008E2F49 /* AppDelegate.swift */,
				18C2236222BC1F74008E2F49 /* Main.storyboard */,
				18C2236522BC1F74008E2F49 /* Assets.xcassets */,
				18C2236722BC1F74008E2F49 /* LaunchScreen.storyboard */,
				18C2236A22BC1F74008E2F49 /* Info.plist */,
				102742F322F4807B00FC547C /* GoogleService-Info.plist */,
			);
			path = "Other Files";
			sourceTree = "<group>";
		};
		18C2237222BC1F74008E2F49 /* AdminSideTests */ = {
			isa = PBXGroup;
			children = (
				18C2237322BC1F74008E2F49 /* AdminSideTests.swift */,
				18C2237522BC1F74008E2F49 /* Info.plist */,
			);
			path = AdminSideTests;
			sourceTree = "<group>";
		};
		18C2237D22BC1F74008E2F49 /* AdminSideUITests */ = {
			isa = PBXGroup;
			children = (
				18C2237E22BC1F74008E2F49 /* AdminSideUITests.swift */,
				18C2238022BC1F74008E2F49 /* Info.plist */,
			);
			path = AdminSideUITests;
			sourceTree = "<group>";
		};
		460190F676F5E6FF61E417A0 /* Frameworks */ = {
			isa = PBXGroup;
			children = (
				8E7207160DE98BD11C93B49C /* Pods_AdminSide.framework */,
				467FDB7CAFE428D074F3DADF /* Pods_AdminSideTests.framework */,
				AB0194205E46D3F38811D0DE /* Pods_AdminSideUITests.framework */,
			);
			name = Frameworks;
			sourceTree = "<group>";
		};
		8C19670B1CA695956DB1469C /* Pods */ = {
			isa = PBXGroup;
			children = (
				C63105E7A95E0E8ED711D449 /* Pods-AdminSide.debug.xcconfig */,
				A58E165A9139297D2164401A /* Pods-AdminSide.release.xcconfig */,
				89F7D69422574E1DA43DBEE5 /* Pods-AdminSideTests.debug.xcconfig */,
				CC2CEA377DDBFAB034BC6ED9 /* Pods-AdminSideTests.release.xcconfig */,
				E2BB02F84897E5F346240848 /* Pods-AdminSideUITests.debug.xcconfig */,
				1B23C0C03327F4F7DCEA0D10 /* Pods-AdminSideUITests.release.xcconfig */,
			);
			path = Pods;
			sourceTree = "<group>";
		};
/* End PBXGroup section */

/* Begin PBXNativeTarget section */
		18C2235A22BC1F74008E2F49 /* AdminSide */ = {
			isa = PBXNativeTarget;
			buildConfigurationList = 18C2238322BC1F74008E2F49 /* Build configuration list for PBXNativeTarget "AdminSide" */;
			buildPhases = (
				D28AEF7379C001A8D7F61204 /* [CP] Check Pods Manifest.lock */,
				18C2235722BC1F74008E2F49 /* Sources */,
				18C2235822BC1F74008E2F49 /* Frameworks */,
				18C2235922BC1F74008E2F49 /* Resources */,
				6CC22F74040F0C9E2A422B38 /* [CP] Embed Pods Frameworks */,
				82C6A5B9F448296E2E17C927 /* [CP] Copy Pods Resources */,
			);
			buildRules = (
			);
			dependencies = (
			);
			name = AdminSide;
			productName = AdminSide;
			productReference = 18C2235B22BC1F74008E2F49 /* AdminSide.app */;
			productType = "com.apple.product-type.application";
		};
		18C2236E22BC1F74008E2F49 /* AdminSideTests */ = {
			isa = PBXNativeTarget;
			buildConfigurationList = 18C2238622BC1F74008E2F49 /* Build configuration list for PBXNativeTarget "AdminSideTests" */;
			buildPhases = (
				E9FB828E73AFF96989DFC714 /* [CP] Check Pods Manifest.lock */,
				18C2236B22BC1F74008E2F49 /* Sources */,
				18C2236C22BC1F74008E2F49 /* Frameworks */,
				18C2236D22BC1F74008E2F49 /* Resources */,
			);
			buildRules = (
			);
			dependencies = (
				18C2237122BC1F74008E2F49 /* PBXTargetDependency */,
			);
			name = AdminSideTests;
			productName = AdminSideTests;
			productReference = 18C2236F22BC1F74008E2F49 /* AdminSideTests.xctest */;
			productType = "com.apple.product-type.bundle.unit-test";
		};
		18C2237922BC1F74008E2F49 /* AdminSideUITests */ = {
			isa = PBXNativeTarget;
			buildConfigurationList = 18C2238922BC1F74008E2F49 /* Build configuration list for PBXNativeTarget "AdminSideUITests" */;
			buildPhases = (
				DD261443601C63BE2D178623 /* [CP] Check Pods Manifest.lock */,
				18C2237622BC1F74008E2F49 /* Sources */,
				18C2237722BC1F74008E2F49 /* Frameworks */,
				18C2237822BC1F74008E2F49 /* Resources */,
			);
			buildRules = (
			);
			dependencies = (
				18C2237C22BC1F74008E2F49 /* PBXTargetDependency */,
			);
			name = AdminSideUITests;
			productName = AdminSideUITests;
			productReference = 18C2237A22BC1F74008E2F49 /* AdminSideUITests.xctest */;
			productType = "com.apple.product-type.bundle.ui-testing";
		};
/* End PBXNativeTarget section */

/* Begin PBXProject section */
		18C2235322BC1F74008E2F49 /* Project object */ = {
			isa = PBXProject;
			attributes = {
				LastSwiftUpdateCheck = 1020;
				LastUpgradeCheck = 1020;
				ORGANIZATIONNAME = Apple;
				TargetAttributes = {
					18C2235A22BC1F74008E2F49 = {
						CreatedOnToolsVersion = 10.2.1;
						SystemCapabilities = {
							com.apple.BackgroundModes = {
								enabled = 1;
							};
							com.apple.Push = {
								enabled = 1;
							};
						};
					};
					18C2236E22BC1F74008E2F49 = {
						CreatedOnToolsVersion = 10.2.1;
						TestTargetID = 18C2235A22BC1F74008E2F49;
					};
					18C2237922BC1F74008E2F49 = {
						CreatedOnToolsVersion = 10.2.1;
						TestTargetID = 18C2235A22BC1F74008E2F49;
					};
				};
			};
			buildConfigurationList = 18C2235622BC1F74008E2F49 /* Build configuration list for PBXProject "AdminSide" */;
			compatibilityVersion = "Xcode 9.3";
			developmentRegion = en;
			hasScannedForEncodings = 0;
			knownRegions = (
				en,
				Base,
			);
			mainGroup = 18C2235222BC1F74008E2F49;
			productRefGroup = 18C2235C22BC1F74008E2F49 /* Products */;
			projectDirPath = "";
			projectRoot = "";
			targets = (
				18C2235A22BC1F74008E2F49 /* AdminSide */,
				18C2236E22BC1F74008E2F49 /* AdminSideTests */,
				18C2237922BC1F74008E2F49 /* AdminSideUITests */,
			);
		};
/* End PBXProject section */

/* Begin PBXResourcesBuildPhase section */
		18C2235922BC1F74008E2F49 /* Resources */ = {
			isa = PBXResourcesBuildPhase;
			buildActionMask = 2147483647;
			files = (
				1883F8CC22BE168C00F9CF52 /* SignUpVC.xib in Resources */,
				181919BB22F8C9CA000B1881 /* EmergencyScreenVC.xib in Resources */,
				102742F422F4807B00FC547C /* GoogleService-Info.plist in Resources */,
				1883F8C322BE14D300F9CF52 /* LoginVC.xib in Resources */,
				18683F7722E129EF00B31EBA /* Podfile in Resources */,
				18C2236922BC1F74008E2F49 /* LaunchScreen.storyboard in Resources */,
				182A232822FB7B1400C3DE84 /* Main.storyboard in Resources */,
				18C2236622BC1F74008E2F49 /* Assets.xcassets in Resources */,
				1883F8C822BE14FB00F9CF52 /* VerificationVC.xib in Resources */,
			);
			runOnlyForDeploymentPostprocessing = 0;
		};
		18C2236D22BC1F74008E2F49 /* Resources */ = {
			isa = PBXResourcesBuildPhase;
			buildActionMask = 2147483647;
			files = (
			);
			runOnlyForDeploymentPostprocessing = 0;
		};
		18C2237822BC1F74008E2F49 /* Resources */ = {
			isa = PBXResourcesBuildPhase;
			buildActionMask = 2147483647;
			files = (
			);
			runOnlyForDeploymentPostprocessing = 0;
		};
/* End PBXResourcesBuildPhase section */

/* Begin PBXShellScriptBuildPhase section */
		6CC22F74040F0C9E2A422B38 /* [CP] Embed Pods Frameworks */ = {
			isa = PBXShellScriptBuildPhase;
			buildActionMask = 2147483647;
			files = (
			);
			inputFileListPaths = (
			);
			inputPaths = (
				"${PODS_ROOT}/Target Support Files/Pods-AdminSide/Pods-AdminSide-frameworks.sh",
				"${BUILT_PRODUCTS_DIR}/BoringSSL-GRPC/openssl_grpc.framework",
				"${BUILT_PRODUCTS_DIR}/CountryPickerView/CountryPickerView.framework",
				"${BUILT_PRODUCTS_DIR}/GTMSessionFetcher/GTMSessionFetcher.framework",
				"${BUILT_PRODUCTS_DIR}/GoogleUtilities/GoogleUtilities.framework",
				"${BUILT_PRODUCTS_DIR}/MBProgressHUD/MBProgressHUD.framework",
				"${BUILT_PRODUCTS_DIR}/MessageInputBar/MessageInputBar.framework",
				"${BUILT_PRODUCTS_DIR}/MessageKit/MessageKit.framework",
				"${BUILT_PRODUCTS_DIR}/Protobuf/Protobuf.framework",
				"${BUILT_PRODUCTS_DIR}/gRPC-C++/grpcpp.framework",
				"${BUILT_PRODUCTS_DIR}/gRPC-Core/grpc.framework",
				"${BUILT_PRODUCTS_DIR}/leveldb-library/leveldb.framework",
				"${BUILT_PRODUCTS_DIR}/nanopb/nanopb.framework",
			);
			name = "[CP] Embed Pods Frameworks";
			outputFileListPaths = (
			);
			outputPaths = (
				"${TARGET_BUILD_DIR}/${FRAMEWORKS_FOLDER_PATH}/openssl_grpc.framework",
				"${TARGET_BUILD_DIR}/${FRAMEWORKS_FOLDER_PATH}/CountryPickerView.framework",
				"${TARGET_BUILD_DIR}/${FRAMEWORKS_FOLDER_PATH}/GTMSessionFetcher.framework",
				"${TARGET_BUILD_DIR}/${FRAMEWORKS_FOLDER_PATH}/GoogleUtilities.framework",
				"${TARGET_BUILD_DIR}/${FRAMEWORKS_FOLDER_PATH}/MBProgressHUD.framework",
				"${TARGET_BUILD_DIR}/${FRAMEWORKS_FOLDER_PATH}/MessageInputBar.framework",
				"${TARGET_BUILD_DIR}/${FRAMEWORKS_FOLDER_PATH}/MessageKit.framework",
				"${TARGET_BUILD_DIR}/${FRAMEWORKS_FOLDER_PATH}/Protobuf.framework",
				"${TARGET_BUILD_DIR}/${FRAMEWORKS_FOLDER_PATH}/grpcpp.framework",
				"${TARGET_BUILD_DIR}/${FRAMEWORKS_FOLDER_PATH}/grpc.framework",
				"${TARGET_BUILD_DIR}/${FRAMEWORKS_FOLDER_PATH}/leveldb.framework",
				"${TARGET_BUILD_DIR}/${FRAMEWORKS_FOLDER_PATH}/nanopb.framework",
			);
			runOnlyForDeploymentPostprocessing = 0;
			shellPath = /bin/sh;
			shellScript = "\"${PODS_ROOT}/Target Support Files/Pods-AdminSide/Pods-AdminSide-frameworks.sh\"\n";
			showEnvVarsInLog = 0;
		};
		82C6A5B9F448296E2E17C927 /* [CP] Copy Pods Resources */ = {
			isa = PBXShellScriptBuildPhase;
			buildActionMask = 2147483647;
			files = (
			);
			inputFileListPaths = (
			);
			inputPaths = (
				"${PODS_ROOT}/Target Support Files/Pods-AdminSide/Pods-AdminSide-resources.sh",
				"${PODS_ROOT}/GoogleMaps/Maps/Frameworks/GoogleMaps.framework/Resources/GoogleMaps.bundle",
				"${PODS_ROOT}/GooglePlaces/Frameworks/GooglePlaces.framework/Resources/GooglePlaces.bundle",
			);
			name = "[CP] Copy Pods Resources";
			outputFileListPaths = (
			);
			outputPaths = (
				"${TARGET_BUILD_DIR}/${UNLOCALIZED_RESOURCES_FOLDER_PATH}/GoogleMaps.bundle",
				"${TARGET_BUILD_DIR}/${UNLOCALIZED_RESOURCES_FOLDER_PATH}/GooglePlaces.bundle",
			);
			runOnlyForDeploymentPostprocessing = 0;
			shellPath = /bin/sh;
			shellScript = "\"${PODS_ROOT}/Target Support Files/Pods-AdminSide/Pods-AdminSide-resources.sh\"\n";
			showEnvVarsInLog = 0;
		};
		D28AEF7379C001A8D7F61204 /* [CP] Check Pods Manifest.lock */ = {
			isa = PBXShellScriptBuildPhase;
			buildActionMask = 2147483647;
			files = (
			);
			inputFileListPaths = (
			);
			inputPaths = (
				"${PODS_PODFILE_DIR_PATH}/Podfile.lock",
				"${PODS_ROOT}/Manifest.lock",
			);
			name = "[CP] Check Pods Manifest.lock";
			outputFileListPaths = (
			);
			outputPaths = (
				"$(DERIVED_FILE_DIR)/Pods-AdminSide-checkManifestLockResult.txt",
			);
			runOnlyForDeploymentPostprocessing = 0;
			shellPath = /bin/sh;
			shellScript = "diff \"${PODS_PODFILE_DIR_PATH}/Podfile.lock\" \"${PODS_ROOT}/Manifest.lock\" > /dev/null\nif [ $? != 0 ] ; then\n    # print error to STDERR\n    echo \"error: The sandbox is not in sync with the Podfile.lock. Run 'pod install' or update your CocoaPods installation.\" >&2\n    exit 1\nfi\n# This output is used by Xcode 'outputs' to avoid re-running this script phase.\necho \"SUCCESS\" > \"${SCRIPT_OUTPUT_FILE_0}\"\n";
			showEnvVarsInLog = 0;
		};
		DD261443601C63BE2D178623 /* [CP] Check Pods Manifest.lock */ = {
			isa = PBXShellScriptBuildPhase;
			buildActionMask = 2147483647;
			files = (
			);
			inputFileListPaths = (
			);
			inputPaths = (
				"${PODS_PODFILE_DIR_PATH}/Podfile.lock",
				"${PODS_ROOT}/Manifest.lock",
			);
			name = "[CP] Check Pods Manifest.lock";
			outputFileListPaths = (
			);
			outputPaths = (
				"$(DERIVED_FILE_DIR)/Pods-AdminSideUITests-checkManifestLockResult.txt",
			);
			runOnlyForDeploymentPostprocessing = 0;
			shellPath = /bin/sh;
			shellScript = "diff \"${PODS_PODFILE_DIR_PATH}/Podfile.lock\" \"${PODS_ROOT}/Manifest.lock\" > /dev/null\nif [ $? != 0 ] ; then\n    # print error to STDERR\n    echo \"error: The sandbox is not in sync with the Podfile.lock. Run 'pod install' or update your CocoaPods installation.\" >&2\n    exit 1\nfi\n# This output is used by Xcode 'outputs' to avoid re-running this script phase.\necho \"SUCCESS\" > \"${SCRIPT_OUTPUT_FILE_0}\"\n";
			showEnvVarsInLog = 0;
		};
		E9FB828E73AFF96989DFC714 /* [CP] Check Pods Manifest.lock */ = {
			isa = PBXShellScriptBuildPhase;
			buildActionMask = 2147483647;
			files = (
			);
			inputFileListPaths = (
			);
			inputPaths = (
				"${PODS_PODFILE_DIR_PATH}/Podfile.lock",
				"${PODS_ROOT}/Manifest.lock",
			);
			name = "[CP] Check Pods Manifest.lock";
			outputFileListPaths = (
			);
			outputPaths = (
				"$(DERIVED_FILE_DIR)/Pods-AdminSideTests-checkManifestLockResult.txt",
			);
			runOnlyForDeploymentPostprocessing = 0;
			shellPath = /bin/sh;
			shellScript = "diff \"${PODS_PODFILE_DIR_PATH}/Podfile.lock\" \"${PODS_ROOT}/Manifest.lock\" > /dev/null\nif [ $? != 0 ] ; then\n    # print error to STDERR\n    echo \"error: The sandbox is not in sync with the Podfile.lock. Run 'pod install' or update your CocoaPods installation.\" >&2\n    exit 1\nfi\n# This output is used by Xcode 'outputs' to avoid re-running this script phase.\necho \"SUCCESS\" > \"${SCRIPT_OUTPUT_FILE_0}\"\n";
			showEnvVarsInLog = 0;
		};
/* End PBXShellScriptBuildPhase section */

/* Begin PBXSourcesBuildPhase section */
		18C2235722BC1F74008E2F49 /* Sources */ = {
			isa = PBXSourcesBuildPhase;
			buildActionMask = 2147483647;
			files = (
				18683F8722E12BF000B31EBA /* DatabaseRepresentation.swift in Sources */,
				18683F6B22DFC68900B31EBA /* ChannelsViewController.swift in Sources */,
				18683F8422E12BF000B31EBA /* Place.swift in Sources */,
				18683F7522E129EF00B31EBA /* UIColor+Additions.swift in Sources */,
				1883F8B122BE0EA100F9CF52 /* CustomTextField.swift in Sources */,
				1883F8B322BE0ECF00F9CF52 /* RoundButton.swift in Sources */,
				18683F6722DFC68900B31EBA /* AppSettings.swift in Sources */,
				1883F8CA22BE167700F9CF52 /* SignUpVC.swift in Sources */,
				18683F8922E12BF000B31EBA /* Direction.swift in Sources */,
				18683F8522E12BF000B31EBA /* Channel.swift in Sources */,
				181919BA22F8C9CA000B1881 /* EmergencyScreenVC.swift in Sources */,
				1883F8B522BE0EE800F9CF52 /* TextFieldDesign.swift in Sources */,
				181919BD22F8CEA5000B1881 /* LocationHelper.swift in Sources */,
				18683F8622E12BF000B31EBA /* File.swift in Sources */,
				18683F8322E12BF000B31EBA /* Message.swift in Sources */,
				1883F8C122BE14C900F9CF52 /* LoginVC.swift in Sources */,
				18683F6922DFC68900B31EBA /* ChatScreenVC.swift in Sources */,
				1883F8C622BE14F000F9CF52 /* VerificationVC.swift in Sources */,
				18683F7822E129EF00B31EBA /* UICollectionView+Additions.swift in Sources */,
				1883F8B722BE0EF200F9CF52 /* CustomTextView.swift in Sources */,
				18683F7A22E129EF00B31EBA /* UIView+Additions.swift in Sources */,
				181919BF22FA3405000B1881 /* GoogleMapsManager.swift in Sources */,
				1883F8BA22BE0F4500F9CF52 /* FirebaseAuthenticationHandler.swift in Sources */,
				1883F8BC22BE0F5200F9CF52 /* FirebaseDBHandler.swift in Sources */,
				18683F6A22DFC68900B31EBA /* AppController.swift in Sources */,
				18683F7622E129EF00B31EBA /* UIImage+Additions.swift in Sources */,
				18683F6E22E129A900B31EBA /* AppConstant.swift in Sources */,
				18C2235F22BC1F74008E2F49 /* AppDelegate.swift in Sources */,
				188793F922BFAA1700FABB6E /* AppBaseVC.swift in Sources */,
				18683F8822E12BF000B31EBA /* MessageData.swift in Sources */,
				18683F7922E129EF00B31EBA /* UIViewExtension.swift in Sources */,
				181740EE22DE6E68008DFF72 /* AdminTabBarController.swift in Sources */,
				18683F6822DFC68900B31EBA /* ChatViewController.swift in Sources */,
				1887940322BFC30F00FABB6E /* AppHelper.swift in Sources */,
			);
			runOnlyForDeploymentPostprocessing = 0;
		};
		18C2236B22BC1F74008E2F49 /* Sources */ = {
			isa = PBXSourcesBuildPhase;
			buildActionMask = 2147483647;
			files = (
				18C2237422BC1F74008E2F49 /* AdminSideTests.swift in Sources */,
			);
			runOnlyForDeploymentPostprocessing = 0;
		};
		18C2237622BC1F74008E2F49 /* Sources */ = {
			isa = PBXSourcesBuildPhase;
			buildActionMask = 2147483647;
			files = (
				18C2237F22BC1F74008E2F49 /* AdminSideUITests.swift in Sources */,
			);
			runOnlyForDeploymentPostprocessing = 0;
		};
/* End PBXSourcesBuildPhase section */

/* Begin PBXTargetDependency section */
		18C2237122BC1F74008E2F49 /* PBXTargetDependency */ = {
			isa = PBXTargetDependency;
			target = 18C2235A22BC1F74008E2F49 /* AdminSide */;
			targetProxy = 18C2237022BC1F74008E2F49 /* PBXContainerItemProxy */;
		};
		18C2237C22BC1F74008E2F49 /* PBXTargetDependency */ = {
			isa = PBXTargetDependency;
			target = 18C2235A22BC1F74008E2F49 /* AdminSide */;
			targetProxy = 18C2237B22BC1F74008E2F49 /* PBXContainerItemProxy */;
		};
/* End PBXTargetDependency section */

/* Begin PBXVariantGroup section */
		18C2236222BC1F74008E2F49 /* Main.storyboard */ = {
			isa = PBXVariantGroup;
			children = (
				18C2236322BC1F74008E2F49 /* Base */,
			);
			name = Main.storyboard;
			sourceTree = "<group>";
		};
		18C2236722BC1F74008E2F49 /* LaunchScreen.storyboard */ = {
			isa = PBXVariantGroup;
			children = (
				18C2236822BC1F74008E2F49 /* Base */,
			);
			name = LaunchScreen.storyboard;
			sourceTree = "<group>";
		};
/* End PBXVariantGroup section */

/* Begin XCBuildConfiguration section */
		18C2238122BC1F74008E2F49 /* Debug */ = {
			isa = XCBuildConfiguration;
			buildSettings = {
				ALWAYS_SEARCH_USER_PATHS = NO;
				CLANG_ANALYZER_NONNULL = YES;
				CLANG_ANALYZER_NUMBER_OBJECT_CONVERSION = YES_AGGRESSIVE;
				CLANG_CXX_LANGUAGE_STANDARD = "gnu++14";
				CLANG_CXX_LIBRARY = "libc++";
				CLANG_ENABLE_MODULES = YES;
				CLANG_ENABLE_OBJC_ARC = YES;
				CLANG_ENABLE_OBJC_WEAK = YES;
				CLANG_WARN_BLOCK_CAPTURE_AUTORELEASING = YES;
				CLANG_WARN_BOOL_CONVERSION = YES;
				CLANG_WARN_COMMA = YES;
				CLANG_WARN_CONSTANT_CONVERSION = YES;
				CLANG_WARN_DEPRECATED_OBJC_IMPLEMENTATIONS = YES;
				CLANG_WARN_DIRECT_OBJC_ISA_USAGE = YES_ERROR;
				CLANG_WARN_DOCUMENTATION_COMMENTS = YES;
				CLANG_WARN_EMPTY_BODY = YES;
				CLANG_WARN_ENUM_CONVERSION = YES;
				CLANG_WARN_INFINITE_RECURSION = YES;
				CLANG_WARN_INT_CONVERSION = YES;
				CLANG_WARN_NON_LITERAL_NULL_CONVERSION = YES;
				CLANG_WARN_OBJC_IMPLICIT_RETAIN_SELF = YES;
				CLANG_WARN_OBJC_LITERAL_CONVERSION = YES;
				CLANG_WARN_OBJC_ROOT_CLASS = YES_ERROR;
				CLANG_WARN_RANGE_LOOP_ANALYSIS = YES;
				CLANG_WARN_STRICT_PROTOTYPES = YES;
				CLANG_WARN_SUSPICIOUS_MOVE = YES;
				CLANG_WARN_UNGUARDED_AVAILABILITY = YES_AGGRESSIVE;
				CLANG_WARN_UNREACHABLE_CODE = YES;
				CLANG_WARN__DUPLICATE_METHOD_MATCH = YES;
				CODE_SIGN_IDENTITY = "iPhone Developer";
				COPY_PHASE_STRIP = NO;
				DEBUG_INFORMATION_FORMAT = dwarf;
				ENABLE_STRICT_OBJC_MSGSEND = YES;
				ENABLE_TESTABILITY = YES;
				GCC_C_LANGUAGE_STANDARD = gnu11;
				GCC_DYNAMIC_NO_PIC = NO;
				GCC_NO_COMMON_BLOCKS = YES;
				GCC_OPTIMIZATION_LEVEL = 0;
				GCC_PREPROCESSOR_DEFINITIONS = (
					"DEBUG=1",
					"$(inherited)",
				);
				GCC_WARN_64_TO_32_BIT_CONVERSION = YES;
				GCC_WARN_ABOUT_RETURN_TYPE = YES_ERROR;
				GCC_WARN_UNDECLARED_SELECTOR = YES;
				GCC_WARN_UNINITIALIZED_AUTOS = YES_AGGRESSIVE;
				GCC_WARN_UNUSED_FUNCTION = YES;
				GCC_WARN_UNUSED_VARIABLE = YES;
				IPHONEOS_DEPLOYMENT_TARGET = 12.2;
				MTL_ENABLE_DEBUG_INFO = INCLUDE_SOURCE;
				MTL_FAST_MATH = YES;
				ONLY_ACTIVE_ARCH = YES;
				SDKROOT = iphoneos;
				SWIFT_ACTIVE_COMPILATION_CONDITIONS = DEBUG;
				SWIFT_OPTIMIZATION_LEVEL = "-Onone";
			};
			name = Debug;
		};
		18C2238222BC1F74008E2F49 /* Release */ = {
			isa = XCBuildConfiguration;
			buildSettings = {
				ALWAYS_SEARCH_USER_PATHS = NO;
				CLANG_ANALYZER_NONNULL = YES;
				CLANG_ANALYZER_NUMBER_OBJECT_CONVERSION = YES_AGGRESSIVE;
				CLANG_CXX_LANGUAGE_STANDARD = "gnu++14";
				CLANG_CXX_LIBRARY = "libc++";
				CLANG_ENABLE_MODULES = YES;
				CLANG_ENABLE_OBJC_ARC = YES;
				CLANG_ENABLE_OBJC_WEAK = YES;
				CLANG_WARN_BLOCK_CAPTURE_AUTORELEASING = YES;
				CLANG_WARN_BOOL_CONVERSION = YES;
				CLANG_WARN_COMMA = YES;
				CLANG_WARN_CONSTANT_CONVERSION = YES;
				CLANG_WARN_DEPRECATED_OBJC_IMPLEMENTATIONS = YES;
				CLANG_WARN_DIRECT_OBJC_ISA_USAGE = YES_ERROR;
				CLANG_WARN_DOCUMENTATION_COMMENTS = YES;
				CLANG_WARN_EMPTY_BODY = YES;
				CLANG_WARN_ENUM_CONVERSION = YES;
				CLANG_WARN_INFINITE_RECURSION = YES;
				CLANG_WARN_INT_CONVERSION = YES;
				CLANG_WARN_NON_LITERAL_NULL_CONVERSION = YES;
				CLANG_WARN_OBJC_IMPLICIT_RETAIN_SELF = YES;
				CLANG_WARN_OBJC_LITERAL_CONVERSION = YES;
				CLANG_WARN_OBJC_ROOT_CLASS = YES_ERROR;
				CLANG_WARN_RANGE_LOOP_ANALYSIS = YES;
				CLANG_WARN_STRICT_PROTOTYPES = YES;
				CLANG_WARN_SUSPICIOUS_MOVE = YES;
				CLANG_WARN_UNGUARDED_AVAILABILITY = YES_AGGRESSIVE;
				CLANG_WARN_UNREACHABLE_CODE = YES;
				CLANG_WARN__DUPLICATE_METHOD_MATCH = YES;
				CODE_SIGN_IDENTITY = "iPhone Developer";
				COPY_PHASE_STRIP = NO;
				DEBUG_INFORMATION_FORMAT = "dwarf-with-dsym";
				ENABLE_NS_ASSERTIONS = NO;
				ENABLE_STRICT_OBJC_MSGSEND = YES;
				GCC_C_LANGUAGE_STANDARD = gnu11;
				GCC_NO_COMMON_BLOCKS = YES;
				GCC_WARN_64_TO_32_BIT_CONVERSION = YES;
				GCC_WARN_ABOUT_RETURN_TYPE = YES_ERROR;
				GCC_WARN_UNDECLARED_SELECTOR = YES;
				GCC_WARN_UNINITIALIZED_AUTOS = YES_AGGRESSIVE;
				GCC_WARN_UNUSED_FUNCTION = YES;
				GCC_WARN_UNUSED_VARIABLE = YES;
				IPHONEOS_DEPLOYMENT_TARGET = 12.2;
				MTL_ENABLE_DEBUG_INFO = NO;
				MTL_FAST_MATH = YES;
				SDKROOT = iphoneos;
				SWIFT_COMPILATION_MODE = wholemodule;
				SWIFT_OPTIMIZATION_LEVEL = "-O";
				VALIDATE_PRODUCT = YES;
			};
			name = Release;
		};
		18C2238422BC1F74008E2F49 /* Debug */ = {
			isa = XCBuildConfiguration;
			baseConfigurationReference = C63105E7A95E0E8ED711D449 /* Pods-AdminSide.debug.xcconfig */;
			buildSettings = {
				ASSETCATALOG_COMPILER_APPICON_NAME = AppIcon;
				CODE_SIGN_ENTITLEMENTS = AdminSide.entitlements;
				CODE_SIGN_STYLE = Automatic;
				DEVELOPMENT_TEAM = U9L575X827;
				INFOPLIST_FILE = "$(SRCROOT)/Other FILES/Info.plist";
				IPHONEOS_DEPLOYMENT_TARGET = 11.1;
				LD_RUNPATH_SEARCH_PATHS = (
					"$(inherited)",
					"@executable_path/Frameworks",
				);
				PRODUCT_BUNDLE_IDENTIFIER = EmergencyApp.AdminSide;
				PRODUCT_NAME = "$(TARGET_NAME)";
				SWIFT_VERSION = 5.0;
				TARGETED_DEVICE_FAMILY = "1,2";
			};
			name = Debug;
		};
		18C2238522BC1F74008E2F49 /* Release */ = {
			isa = XCBuildConfiguration;
			baseConfigurationReference = A58E165A9139297D2164401A /* Pods-AdminSide.release.xcconfig */;
			buildSettings = {
				ASSETCATALOG_COMPILER_APPICON_NAME = AppIcon;
				CODE_SIGN_ENTITLEMENTS = AdminSide.entitlements;
				CODE_SIGN_STYLE = Automatic;
				DEVELOPMENT_TEAM = U9L575X827;
				INFOPLIST_FILE = "$(SRCROOT)/Other FILES/Info.plist";
				IPHONEOS_DEPLOYMENT_TARGET = 11.1;
				LD_RUNPATH_SEARCH_PATHS = (
					"$(inherited)",
					"@executable_path/Frameworks",
				);
				PRODUCT_BUNDLE_IDENTIFIER = EmergencyApp.AdminSide;
				PRODUCT_NAME = "$(TARGET_NAME)";
				SWIFT_VERSION = 5.0;
				TARGETED_DEVICE_FAMILY = "1,2";
			};
			name = Release;
		};
		18C2238722BC1F74008E2F49 /* Debug */ = {
			isa = XCBuildConfiguration;
			baseConfigurationReference = 89F7D69422574E1DA43DBEE5 /* Pods-AdminSideTests.debug.xcconfig */;
			buildSettings = {
				ALWAYS_EMBED_SWIFT_STANDARD_LIBRARIES = YES;
				BUNDLE_LOADER = "$(TEST_HOST)";
				CODE_SIGN_STYLE = Automatic;
				INFOPLIST_FILE = AdminSideTests/Info.plist;
				LD_RUNPATH_SEARCH_PATHS = (
					"$(inherited)",
					"@executable_path/Frameworks",
					"@loader_path/Frameworks",
				);
				PRODUCT_BUNDLE_IDENTIFIER = rehana.AdminSideTests;
				PRODUCT_NAME = "$(TARGET_NAME)";
				SWIFT_VERSION = 5.0;
				TARGETED_DEVICE_FAMILY = "1,2";
				TEST_HOST = "$(BUILT_PRODUCTS_DIR)/AdminSide.app/AdminSide";
			};
			name = Debug;
		};
		18C2238822BC1F74008E2F49 /* Release */ = {
			isa = XCBuildConfiguration;
			baseConfigurationReference = CC2CEA377DDBFAB034BC6ED9 /* Pods-AdminSideTests.release.xcconfig */;
			buildSettings = {
				ALWAYS_EMBED_SWIFT_STANDARD_LIBRARIES = YES;
				BUNDLE_LOADER = "$(TEST_HOST)";
				CODE_SIGN_STYLE = Automatic;
				INFOPLIST_FILE = AdminSideTests/Info.plist;
				LD_RUNPATH_SEARCH_PATHS = (
					"$(inherited)",
					"@executable_path/Frameworks",
					"@loader_path/Frameworks",
				);
				PRODUCT_BUNDLE_IDENTIFIER = rehana.AdminSideTests;
				PRODUCT_NAME = "$(TARGET_NAME)";
				SWIFT_VERSION = 5.0;
				TARGETED_DEVICE_FAMILY = "1,2";
				TEST_HOST = "$(BUILT_PRODUCTS_DIR)/AdminSide.app/AdminSide";
			};
			name = Release;
		};
		18C2238A22BC1F74008E2F49 /* Debug */ = {
			isa = XCBuildConfiguration;
			baseConfigurationReference = E2BB02F84897E5F346240848 /* Pods-AdminSideUITests.debug.xcconfig */;
			buildSettings = {
				ALWAYS_EMBED_SWIFT_STANDARD_LIBRARIES = YES;
				CODE_SIGN_STYLE = Automatic;
				INFOPLIST_FILE = AdminSideUITests/Info.plist;
				LD_RUNPATH_SEARCH_PATHS = (
					"$(inherited)",
					"@executable_path/Frameworks",
					"@loader_path/Frameworks",
				);
				PRODUCT_BUNDLE_IDENTIFIER = rehana.AdminSideUITests;
				PRODUCT_NAME = "$(TARGET_NAME)";
				SWIFT_VERSION = 5.0;
				TARGETED_DEVICE_FAMILY = "1,2";
				TEST_TARGET_NAME = AdminSide;
			};
			name = Debug;
		};
		18C2238B22BC1F74008E2F49 /* Release */ = {
			isa = XCBuildConfiguration;
			baseConfigurationReference = 1B23C0C03327F4F7DCEA0D10 /* Pods-AdminSideUITests.release.xcconfig */;
			buildSettings = {
				ALWAYS_EMBED_SWIFT_STANDARD_LIBRARIES = YES;
				CODE_SIGN_STYLE = Automatic;
				INFOPLIST_FILE = AdminSideUITests/Info.plist;
				LD_RUNPATH_SEARCH_PATHS = (
					"$(inherited)",
					"@executable_path/Frameworks",
					"@loader_path/Frameworks",
				);
				PRODUCT_BUNDLE_IDENTIFIER = rehana.AdminSideUITests;
				PRODUCT_NAME = "$(TARGET_NAME)";
				SWIFT_VERSION = 5.0;
				TARGETED_DEVICE_FAMILY = "1,2";
				TEST_TARGET_NAME = AdminSide;
			};
			name = Release;
		};
/* End XCBuildConfiguration section */

/* Begin XCConfigurationList section */
		18C2235622BC1F74008E2F49 /* Build configuration list for PBXProject "AdminSide" */ = {
			isa = XCConfigurationList;
			buildConfigurations = (
				18C2238122BC1F74008E2F49 /* Debug */,
				18C2238222BC1F74008E2F49 /* Release */,
			);
			defaultConfigurationIsVisible = 0;
			defaultConfigurationName = Release;
		};
		18C2238322BC1F74008E2F49 /* Build configuration list for PBXNativeTarget "AdminSide" */ = {
			isa = XCConfigurationList;
			buildConfigurations = (
				18C2238422BC1F74008E2F49 /* Debug */,
				18C2238522BC1F74008E2F49 /* Release */,
			);
			defaultConfigurationIsVisible = 0;
			defaultConfigurationName = Release;
		};
		18C2238622BC1F74008E2F49 /* Build configuration list for PBXNativeTarget "AdminSideTests" */ = {
			isa = XCConfigurationList;
			buildConfigurations = (
				18C2238722BC1F74008E2F49 /* Debug */,
				18C2238822BC1F74008E2F49 /* Release */,
			);
			defaultConfigurationIsVisible = 0;
			defaultConfigurationName = Release;
		};
		18C2238922BC1F74008E2F49 /* Build configuration list for PBXNativeTarget "AdminSideUITests" */ = {
			isa = XCConfigurationList;
			buildConfigurations = (
				18C2238A22BC1F74008E2F49 /* Debug */,
				18C2238B22BC1F74008E2F49 /* Release */,
			);
			defaultConfigurationIsVisible = 0;
			defaultConfigurationName = Release;
		};
/* End XCConfigurationList section */
	};
	rootObject = 18C2235322BC1F74008E2F49 /* Project object */;
}
